
Microsoft Visual Studio Solution File, Format Version 12.00
# Visual Studio Version 17
VisualStudioVersion = 17.12.35728.132 d17.12
MinimumVisualStudioVersion = 10.0.40219.1
Project("{FAE04EC0-301F-11D3-BF4B-00C04F79EFBC}") = "Cass.Bracket.Web", "Cass.Bracket.Web\Cass.Bracket.Web.csproj", "{7F56DD88-2A45-4BF0-BEF4-51989F3F4EAC}"
EndProject
Global
	GlobalSection(SolutionConfigurationPlatforms) = preSolution
		Debug|Any CPU = Debug|Any CPU
		Release|Any CPU = Release|Any CPU
	EndGlobalSection
	GlobalSection(ProjectConfigurationPlatforms) = postSolution
		{7F56DD88-2A45-4BF0-BEF4-51989F3F4EAC}.Debug|Any CPU.ActiveCfg = Debug|Any CPU
		{7F56DD88-2A45-4BF0-BEF4-51989F3F4EAC}.Debug|Any CPU.Build.0 = Debug|Any CPU
		{7F56DD88-2A45-4BF0-BEF4-51989F3F4EAC}.Release|Any CPU.ActiveCfg = Release|Any CPU
		{7F56DD88-2A45-4BF0-BEF4-51989F3F4EAC}.Release|Any CPU.Build.0 = Release|Any CPU
	EndGlobalSection
	GlobalSection(SolutionProperties) = preSolution
		HideSolutionNode = FALSE
	EndGlobalSection
EndGlobal
